Microsoft Visual Studio Solution File, Format Version 12.00
# Visual Studio Version 17
VisualStudioVersion = 17.5.2.0
MinimumVisualStudioVersion = 10.0.40219.1
Project("{FAE04EC0-301F-11D3-BF4B-00C04F79EFBC}") = "MovieStream", "MovieStream.csproj", "{E17B1113-2D25-D265-6D84-D179640B1745}"
EndProject
Global
	GlobalSection(SolutionConfigurationPlatforms) = preSolution
		Debug|Any CPU = Debug|Any CPU
		Release|Any CPU = Release|Any CPU
	EndGlobalSection
	GlobalSection(ProjectConfigurationPlatforms) = postSolution
		{E17B1113-2D25-D265-6D84-D179640B1745}.Debug|Any CPU.ActiveCfg = Debug|Any CPU
		{E17B1113-2D25-D265-6D84-D179640B1745}.Debug|Any CPU.Build.0 = Debug|Any CPU
		{E17B1113-2D25-D265-6D84-D179640B1745}.Release|Any CPU.ActiveCfg = Release|Any CPU
		{E17B1113-2D25-D265-6D84-D179640B1745}.Release|Any CPU.Build.0 = Release|Any CPU
	EndGlobalSection
	GlobalSection(SolutionProperties) = preSolution
		HideSolutionNode = FALSE
	EndGlobalSection
	GlobalSection(ExtensibilityGlobals) = postSolution
		SolutionGuid = {DE28BDA4-2F29-4E48-B143-E70877E700BD}
	EndGlobalSection
EndGlobal
